
Microsoft Visual Studio Solution File, Format Version 12.00
# Visual Studio Version 17
VisualStudioVersion = 17.1.32228.430
MinimumVisualStudioVersion = 10.0.40219.1
Project("{FAE04EC0-301F-11D3-BF4B-00C04F79EFBC}") = "AppFactoryEmployees", "AppFactoryEmployees.csproj", "{37BA6302-086F-4AFE-86F9-0205190B59A3}"
EndProject
Global
	GlobalSection(SolutionConfigurationPlatforms) = preSolution
		Debug|Any CPU = Debug|Any CPU
		Release|Any CPU = Release|Any CPU
	EndGlobalSection
	GlobalSection(ProjectConfigurationPlatforms) = postSolution
		{37BA6302-086F-4AFE-86F9-0205190B59A3}.Debug|Any CPU.ActiveCfg = Debug|Any CPU
		{37BA6302-086F-4AFE-86F9-0205190B59A3}.Debug|Any CPU.Build.0 = Debug|Any CPU
		{37BA6302-086F-4AFE-86F9-0205190B59A3}.Release|Any CPU.ActiveCfg = Release|Any CPU
		{37BA6302-086F-4AFE-86F9-0205190B59A3}.Release|Any CPU.Build.0 = Release|Any CPU
	EndGlobalSection
	GlobalSection(SolutionProperties) = preSolution
		HideSolutionNode = FALSE
	EndGlobalSection
	GlobalSection(ExtensibilityGlobals) = postSolution
		SolutionGuid = {723D952A-2378-431F-8972-988D47A735D0}
	EndGlobalSection
EndGlobal
